
Microsoft Visual Studio Solution File, Format Version 12.00
# Visual Studio Version 17
VisualStudioVersion = 17.6.33829.357
MinimumVisualStudioVersion = 10.0.40219.1
Project("{FAE04EC0-301F-11D3-BF4B-00C04F79EFBC}") = "FrequencyPeriodConverter", "FrequencyPeriodConverter\FrequencyPeriodConverter.csproj", "{14DC0B80-6908-43C3-831F-12D543EE65E2}"
EndProject
Global
	GlobalSection(SolutionConfigurationPlatforms) = preSolution
		Debug|Any CPU = Debug|Any CPU
		Release|Any CPU = Release|Any CPU
	EndGlobalSection
	GlobalSection(ProjectConfigurationPlatforms) = postSolution
		{14DC0B80-6908-43C3-831F-12D543EE65E2}.Debug|Any CPU.ActiveCfg = Debug|Any CPU
		{14DC0B80-6908-43C3-831F-12D543EE65E2}.Debug|Any CPU.Build.0 = Debug|Any CPU
		{14DC0B80-6908-43C3-831F-12D543EE65E2}.Release|Any CPU.ActiveCfg = Release|Any CPU
		{14DC0B80-6908-43C3-831F-12D543EE65E2}.Release|Any CPU.Build.0 = Release|Any CPU
	EndGlobalSection
	GlobalSection(SolutionProperties) = preSolution
		HideSolutionNode = FALSE
	EndGlobalSection
	GlobalSection(ExtensibilityGlobals) = postSolution
		SolutionGuid = {98ED20A0-752C-4B28-AA5C-07C9FC51D6EE}
	EndGlobalSection
EndGlobal
